// !$*UTF8*$!
{
	archiveVersion = 1;
	classes = {
	};
	objectVersion = 56;
	objects = {

/* Begin PBXBuildFile section */
		07B77FD42A10F1E000720BBE /* tourmate_swiftApp.swift in Sources */ = {isa = PBXBuildFile; fileRef = 07B77FD32A10F1E000720BBE /* tourmate_swiftApp.swift */; };
		07B77FD62A10F1E000720BBE /* ContentView.swift in Sources */ = {isa = PBXBuildFile; fileRef = 07B77FD52A10F1E000720BBE /* ContentView.swift */; };
		07B77FD82A10F1E100720BBE /* Assets.xcassets in Resources */ = {isa = PBXBuildFile; fileRef = 07B77FD72A10F1E100720BBE /* Assets.xcassets */; };
		07B77FDB2A10F1E100720BBE /* Preview Assets.xcassets in Resources */ = {isa = PBXBuildFile; fileRef = 07B77FDA2A10F1E100720BBE /* Preview Assets.xcassets */; };
		07B77FE52A10F1E100720BBE /* tourmate_swiftTests.swift in Sources */ = {isa = PBXBuildFile; fileRef = 07B77FE42A10F1E100720BBE /* tourmate_swiftTests.swift */; };
		07B77FEF2A10F1E100720BBE /* tourmate_swiftUITests.swift in Sources */ = {isa = PBXBuildFile; fileRef = 07B77FEE2A10F1E100720BBE /* tourmate_swiftUITests.swift */; };
		07B77FF12A10F1E100720BBE /* tourmate_swiftUITestsLaunchTests.swift in Sources */ = {isa = PBXBuildFile; fileRef = 07B77FF02A10F1E100720BBE /* tourmate_swiftUITestsLaunchTests.swift */; };
/* End PBXBuildFile section */

/* Begin PBXContainerItemProxy section */
		07B77FE12A10F1E100720BBE /* PBXContainerItemProxy */ = {
			isa = PBXContainerItemProxy;
			containerPortal = 07B77FC82A10F1E000720BBE /* Project object */;
			proxyType = 1;
			remoteGlobalIDString = 07B77FCF2A10F1E000720BBE;
			remoteInfo = tourmate_swift;
		};
		07B77FEB2A10F1E100720BBE /* PBXContainerItemProxy */ = {
			isa = PBXContainerItemProxy;
			containerPortal = 07B77FC82A10F1E000720BBE /* Project object */;
			proxyType = 1;
			remoteGlobalIDString = 07B77FCF2A10F1E000720BBE;
			remoteInfo = tourmate_swift;
		};
/* End PBXContainerItemProxy section */

/* Begin PBXFileReference section */
		07B77FD02A10F1E000720BBE /* tourmate_swift.app */ = {isa = PBXFileReference; explicitFileType = wrapper.application; includeInIndex = 0; path = tourmate_swift.app; sourceTree = BUILT_PRODUCTS_DIR; };
		07B77FD32A10F1E000720BBE /* tourmate_swiftApp.swift */ = {isa = PBXFileReference; lastKnownFileType = sourcecode.swift; path = tourmate_swiftApp.swift; sourceTree = "<group>"; };
		07B77FD52A10F1E000720BBE /* ContentView.swift */ = {isa = PBXFileReference; lastKnownFileType = sourcecode.swift; path = ContentView.swift; sourceTree = "<group>"; };
		07B77FD72A10F1E100720BBE /* Assets.xcassets */ = {isa = PBXFileReference; lastKnownFileType = folder.assetcatalog; path = Assets.xcassets; sourceTree = "<group>"; };
		07B77FDA2A10F1E100720BBE /* Preview Assets.xcassets */ = {isa = PBXFileReference; lastKnownFileType = folder.assetcatalog; path = "Preview Assets.xcassets"; sourceTree = "<group>"; };
		07B77FE02A10F1E100720BBE /* tourmate_swiftTests.xctest */ = {isa = PBXFileReference; explicitFileType = wrapper.cfbundle; includeInIndex = 0; path = tourmate_swiftTests.xctest; sourceTree = BUILT_PRODUCTS_DIR; };
		07B77FE42A10F1E100720BBE /* tourmate_swiftTests.swift */ = {isa = PBXFileReference; lastKnownFileType = sourcecode.swift; path = tourmate_swiftTests.swift; sourceTree = "<group>"; };
		07B77FEA2A10F1E100720BBE /* tourmate_swiftUITests.xctest */ = {isa = PBXFileReference; explicitFileType = wrapper.cfbundle; includeInIndex = 0; path = tourmate_swiftUITests.xctest; sourceTree = BUILT_PRODUCTS_DIR; };
		07B77FEE2A10F1E100720BBE /* tourmate_swiftUITests.swift */ = {isa = PBXFileReference; lastKnownFileType = sourcecode.swift; path = tourmate_swiftUITests.swift; sourceTree = "<group>"; };
		07B77FF02A10F1E100720BBE /* tourmate_swiftUITestsLaunchTests.swift */ = {isa = PBXFileReference; lastKnownFileType = sourcecode.swift; path = tourmate_swiftUITestsLaunchTests.swift; sourceTree = "<group>"; };
/* End PBXFileReference section */

/* Begin PBXFrameworksBuildPhase section */
		07B77FCD2A10F1E000720BBE /* Frameworks */ = {
			isa = PBXFrameworksBuildPhase;
			buildActionMask = 2147483647;
			files = (
			);
			runOnlyForDeploymentPostprocessing = 0;
		};
		07B77FDD2A10F1E100720BBE /* Frameworks */ = {
			isa = PBXFrameworksBuildPhase;
			buildActionMask = 2147483647;
			files = (
			);
			runOnlyForDeploymentPostprocessing = 0;
		};
		07B77FE72A10F1E100720BBE /* Frameworks */ = {
			isa = PBXFrameworksBuildPhase;
			buildActionMask = 2147483647;
			files = (
			);
			runOnlyForDeploymentPostprocessing = 0;
		};
/* End PBXFrameworksBuildPhase section */

/* Begin PBXGroup section */
		07B77FC72A10F1E000720BBE = {
			isa = PBXGroup;
			children = (
				07B77FD22A10F1E000720BBE /* tourmate_swift */,
				07B77FE32A10F1E100720BBE /* tourmate_swiftTests */,
				07B77FED2A10F1E100720BBE /* tourmate_swiftUITests */,
				07B77FD12A10F1E000720BBE /* Products */,
			);
			sourceTree = "<group>";
		};
		07B77FD12A10F1E000720BBE /* Products */ = {
			isa = PBXGroup;
			children = (
				07B77FD02A10F1E000720BBE /* tourmate_swift.app */,
				07B77FE02A10F1E100720BBE /* tourmate_swiftTests.xctest */,
				07B77FEA2A10F1E100720BBE /* tourmate_swiftUITests.xctest */,
			);
			name = Products;
			sourceTree = "<group>";
		};
		07B77FD22A10F1E000720BBE /* tourmate_swift */ = {
			isa = PBXGroup;
			children = (
				07B77FD32A10F1E000720BBE /* tourmate_swiftApp.swift */,
				07B77FD52A10F1E000720BBE /* ContentView.swift */,
				07B77FD72A10F1E100720BBE /* Assets.xcassets */,
				07B77FD92A10F1E100720BBE /* Preview Content */,
			);
			path = tourmate_swift;
			sourceTree = "<group>";
		};
		07B77FD92A10F1E100720BBE /* Preview Content */ = {
			isa = PBXGroup;
			children = (
				07B77FDA2A10F1E100720BBE /* Preview Assets.xcassets */,
			);
			path = "Preview Content";
			sourceTree = "<group>";
		};
		07B77FE32A10F1E100720BBE /* tourmate_swiftTests */ = {
			isa = PBXGroup;
			children = (
				07B77FE42A10F1E100720BBE /* tourmate_swiftTests.swift */,
			);
			path = tourmate_swiftTests;
			sourceTree = "<group>";
		};
		07B77FED2A10F1E100720BBE /* tourmate_swiftUITests */ = {
			isa = PBXGroup;
			children = (
				07B77FEE2A10F1E100720BBE /* tourmate_swiftUITests.swift */,
				07B77FF02A10F1E100720BBE /* tourmate_swiftUITestsLaunchTests.swift */,
			);
			path = tourmate_swiftUITests;
			sourceTree = "<group>";
		};
/* End PBXGroup section */

/* Begin PBXNativeTarget section */
		07B77FCF2A10F1E000720BBE /* tourmate_swift */ = {
			isa = PBXNativeTarget;
			buildConfigurationList = 07B77FF42A10F1E100720BBE /* Build configuration list for PBXNativeTarget "tourmate_swift" */;
			buildPhases = (
				07B77FCC2A10F1E000720BBE /* Sources */,
				07B77FCD2A10F1E000720BBE /* Frameworks */,
				07B77FCE2A10F1E000720BBE /* Resources */,
			);
			buildRules = (
			);
			dependencies = (
			);
			name = tourmate_swift;
			productName = tourmate_swift;
			productReference = 07B77FD02A10F1E000720BBE /* tourmate_swift.app */;
			productType = "com.apple.product-type.application";
		};
		07B77FDF2A10F1E100720BBE /* tourmate_swiftTests */ = {
			isa = PBXNativeTarget;
			buildConfigurationList = 07B77FF72A10F1E100720BBE /* Build configuration list for PBXNativeTarget "tourmate_swiftTests" */;
			buildPhases = (
				07B77FDC2A10F1E100720BBE /* Sources */,
				07B77FDD2A10F1E100720BBE /* Frameworks */,
				07B77FDE2A10F1E100720BBE /* Resources */,
			);
			buildRules = (
			);
			dependencies = (
				07B77FE22A10F1E100720BBE /* PBXTargetDependency */,
			);
			name = tourmate_swiftTests;
			productName = tourmate_swiftTests;
			productReference = 07B77FE02A10F1E100720BBE /* tourmate_swiftTests.xctest */;
			productType = "com.apple.product-type.bundle.unit-test";
		};
		07B77FE92A10F1E100720BBE /* tourmate_swiftUITests */ = {
			isa = PBXNativeTarget;
			buildConfigurationList = 07B77FFA2A10F1E100720BBE /* Build configuration list for PBXNativeTarget "tourmate_swiftUITests" */;
			buildPhases = (
				07B77FE62A10F1E100720BBE /* Sources */,
				07B77FE72A10F1E100720BBE /* Frameworks */,
				07B77FE82A10F1E100720BBE /* Resources */,
			);
			buildRules = (
			);
			dependencies = (
				07B77FEC2A10F1E100720BBE /* PBXTargetDependency */,
			);
			name = tourmate_swiftUITests;
			productName = tourmate_swiftUITests;
			productReference = 07B77FEA2A10F1E100720BBE /* tourmate_swiftUITests.xctest */;
			productType = "com.apple.product-type.bundle.ui-testing";
		};
/* End PBXNativeTarget section */

/* Begin PBXProject section */
		07B77FC82A10F1E000720BBE /* Project object */ = {
			isa = PBXProject;
			attributes = {
				BuildIndependentTargetsInParallel = 1;
				LastSwiftUpdateCheck = 1430;
				LastUpgradeCheck = 1430;
				TargetAttributes = {
					07B77FCF2A10F1E000720BBE = {
						CreatedOnToolsVersion = 14.3;
					};
					07B77FDF2A10F1E100720BBE = {
						CreatedOnToolsVersion = 14.3;
						TestTargetID = 07B77FCF2A10F1E000720BBE;
					};
					07B77FE92A10F1E100720BBE = {
						CreatedOnToolsVersion = 14.3;
						TestTargetID = 07B77FCF2A10F1E000720BBE;
					};
				};
			};
			buildConfigurationList = 07B77FCB2A10F1E000720BBE /* Build configuration list for PBXProject "tourmate_swift" */;
			compatibilityVersion = "Xcode 14.0";
			developmentRegion = en;
			hasScannedForEncodings = 0;
			knownRegions = (
				en,
				Base,
			);
			mainGroup = 07B77FC72A10F1E000720BBE;
			productRefGroup = 07B77FD12A10F1E000720BBE /* Products */;
			projectDirPath = "";
			projectRoot = "";
			targets = (
				07B77FCF2A10F1E000720BBE /* tourmate_swift */,
				07B77FDF2A10F1E100720BBE /* tourmate_swiftTests */,
				07B77FE92A10F1E100720BBE /* tourmate_swiftUITests */,
			);
		};
/* End PBXProject section */

/* Begin PBXResourcesBuildPhase section */
		07B77FCE2A10F1E000720BBE /* Resources */ = {
			isa = PBXResourcesBuildPhase;
			buildActionMask = 2147483647;
			files = (
				07B77FDB2A10F1E100720BBE /* Preview Assets.xcassets in Resources */,
				07B77FD82A10F1E100720BBE /* Assets.xcassets in Resources */,
			);
			runOnlyForDeploymentPostprocessing = 0;
		};
		07B77FDE2A10F1E100720BBE /* Resources */ = {
			isa = PBXResourcesBuildPhase;
			buildActionMask = 2147483647;
			files = (
			);
			runOnlyForDeploymentPostprocessing = 0;
		};
		07B77FE82A10F1E100720BBE /* Resources */ = {
			isa = PBXResourcesBuildPhase;
			buildActionMask = 2147483647;
			files = (
			);
			runOnlyForDeploymentPostprocessing = 0;
		};
/* End PBXResourcesBuildPhase section */

/* Begin PBXSourcesBuildPhase section */
		07B77FCC2A10F1E000720BBE /* Sources */ = {
			isa = PBXSourcesBuildPhase;
			buildActionMask = 2147483647;
			files = (
				07B77FD62A10F1E000720BBE /* ContentView.swift in Sources */,
				07B77FD42A10F1E000720BBE /* tourmate_swiftApp.swift in Sources */,
			);
			runOnlyForDeploymentPostprocessing = 0;
		};
		07B77FDC2A10F1E100720BBE /* Sources */ = {
			isa = PBXSourcesBuildPhase;
			buildActionMask = 2147483647;
			files = (
				07B77FE52A10F1E100720BBE /* tourmate_swiftTests.swift in Sources */,
			);
			runOnlyForDeploymentPostprocessing = 0;
		};
		07B77FE62A10F1E100720BBE /* Sources */ = {
			isa = PBXSourcesBuildPhase;
			buildActionMask = 2147483647;
			files = (
				07B77FEF2A10F1E100720BBE /* tourmate_swiftUITests.swift in Sources */,
				07B77FF12A10F1E100720BBE /* tourmate_swiftUITestsLaunchTests.swift in Sources */,
			);
			runOnlyForDeploymentPostprocessing = 0;
		};
/* End PBXSourcesBuildPhase section */

/* Begin PBXTargetDependency section */
		07B77FE22A10F1E100720BBE /* PBXTargetDependency */ = {
			isa = PBXTargetDependency;
			target = 07B77FCF2A10F1E000720BBE /* tourmate_swift */;
			targetProxy = 07B77FE12A10F1E100720BBE /* PBXContainerItemProxy */;
		};
		07B77FEC2A10F1E100720BBE /* PBXTargetDependency */ = {
			isa = PBXTargetDependency;
			target = 07B77FCF2A10F1E000720BBE /* tourmate_swift */;
			targetProxy = 07B77FEB2A10F1E100720BBE /* PBXContainerItemProxy */;
		};
/* End PBXTargetDependency section */

/* Begin XCBuildConfiguration section */
		07B77FF22A10F1E100720BBE /* Debug */ = {
			isa = XCBuildConfiguration;
			buildSettings = {
				ALWAYS_SEARCH_USER_PATHS = NO;
				CLANG_ANALYZER_NONNULL = YES;
				CLANG_ANALYZER_NUMBER_OBJECT_CONVERSION = YES_AGGRESSIVE;
				CLANG_CXX_LANGUAGE_STANDARD = "gnu++20";
				CLANG_ENABLE_MODULES = YES;
				CLANG_ENABLE_OBJC_ARC = YES;
				CLANG_ENABLE_OBJC_WEAK = YES;
				CLANG_WARN_BLOCK_CAPTURE_AUTORELEASING = YES;
				CLANG_WARN_BOOL_CONVERSION = YES;
				CLANG_WARN_COMMA = YES;
				CLANG_WARN_CONSTANT_CONVERSION = YES;
				CLANG_WARN_DEPRECATED_OBJC_IMPLEMENTATIONS = YES;
				CLANG_WARN_DIRECT_OBJC_ISA_USAGE = YES_ERROR;
				CLANG_WARN_DOCUMENTATION_COMMENTS = YES;
				CLANG_WARN_EMPTY_BODY = YES;
				CLANG_WARN_ENUM_CONVERSION = YES;
				CLANG_WARN_INFINITE_RECURSION = YES;
				CLANG_WARN_INT_CONVERSION = YES;
				CLANG_WARN_NON_LITERAL_NULL_CONVERSION = YES;
				CLANG_WARN_OBJC_IMPLICIT_RETAIN_SELF = YES;
				CLANG_WARN_OBJC_LITERAL_CONVERSION = YES;
				CLANG_WARN_OBJC_ROOT_CLASS = YES_ERROR;
				CLANG_WARN_QUOTED_INCLUDE_IN_FRAMEWORK_HEADER = YES;
				CLANG_WARN_RANGE_LOOP_ANALYSIS = YES;
				CLANG_WARN_STRICT_PROTOTYPES = YES;
				CLANG_WARN_SUSPICIOUS_MOVE = YES;
				CLANG_WARN_UNGUARDED_AVAILABILITY = YES_AGGRESSIVE;
				CLANG_WARN_UNREACHABLE_CODE = YES;
				CLANG_WARN__DUPLICATE_METHOD_MATCH = YES;
				COPY_PHASE_STRIP = NO;
				DEBUG_INFORMATION_FORMAT = dwarf;
				ENABLE_STRICT_OBJC_MSGSEND = YES;
				ENABLE_TESTABILITY = YES;
				GCC_C_LANGUAGE_STANDARD = gnu11;
				GCC_DYNAMIC_NO_PIC = NO;
				GCC_NO_COMMON_BLOCKS = YES;
				GCC_OPTIMIZATION_LEVEL = 0;
				GCC_PREPROCESSOR_DEFINITIONS = (
					"DEBUG=1",
					"$(inherited)",
				);
				GCC_WARN_64_TO_32_BIT_CONVERSION = YES;
				GCC_WARN_ABOUT_RETURN_TYPE = YES_ERROR;
				GCC_WARN_UNDECLARED_SELECTOR = YES;
				GCC_WARN_UNINITIALIZED_AUTOS = YES_AGGRESSIVE;
				GCC_WARN_UNUSED_FUNCTION = YES;
				GCC_WARN_UNUSED_VARIABLE = YES;
				IPHONEOS_DEPLOYMENT_TARGET = 16.4;
				MTL_ENABLE_DEBUG_INFO = INCLUDE_SOURCE;
				MTL_FAST_MATH = YES;
				ONLY_ACTIVE_ARCH = YES;
				SDKROOT = iphoneos;
				SWIFT_ACTIVE_COMPILATION_CONDITIONS = DEBUG;
				SWIFT_OPTIMIZATION_LEVEL = "-Onone";
			};
			name = Debug;
		};
		07B77FF32A10F1E100720BBE /* Release */ = {
			isa = XCBuildConfiguration;
			buildSettings = {
				ALWAYS_SEARCH_USER_PATHS = NO;
				CLANG_ANALYZER_NONNULL = YES;
				CLANG_ANALYZER_NUMBER_OBJECT_CONVERSION = YES_AGGRESSIVE;
				CLANG_CXX_LANGUAGE_STANDARD = "gnu++20";
				CLANG_ENABLE_MODULES = YES;
				CLANG_ENABLE_OBJC_ARC = YES;
				CLANG_ENABLE_OBJC_WEAK = YES;
				CLANG_WARN_BLOCK_CAPTURE_AUTORELEASING = YES;
				CLANG_WARN_BOOL_CONVERSION = YES;
				CLANG_WARN_COMMA = YES;
				CLANG_WARN_CONSTANT_CONVERSION = YES;
				CLANG_WARN_DEPRECATED_OBJC_IMPLEMENTATIONS = YES;
				CLANG_WARN_DIRECT_OBJC_ISA_USAGE = YES_ERROR;
				CLANG_WARN_DOCUMENTATION_COMMENTS = YES;
				CLANG_WARN_EMPTY_BODY = YES;
				CLANG_WARN_ENUM_CONVERSION = YES;
				CLANG_WARN_INFINITE_RECURSION = YES;
				CLANG_WARN_INT_CONVERSION = YES;
				CLANG_WARN_NON_LITERAL_NULL_CONVERSION = YES;
				CLANG_WARN_OBJC_IMPLICIT_RETAIN_SELF = YES;
				CLANG_WARN_OBJC_LITERAL_CONVERSION = YES;
				CLANG_WARN_OBJC_ROOT_CLASS = YES_ERROR;
				CLANG_WARN_QUOTED_INCLUDE_IN_FRAMEWORK_HEADER = YES;
				CLANG_WARN_RANGE_LOOP_ANALYSIS = YES;
				CLANG_WARN_STRICT_PROTOTYPES = YES;
				CLANG_WARN_SUSPICIOUS_MOVE = YES;
				CLANG_WARN_UNGUARDED_AVAILABILITY = YES_AGGRESSIVE;
				CLANG_WARN_UNREACHABLE_CODE = YES;
				CLANG_WARN__DUPLICATE_METHOD_MATCH = YES;
				COPY_PHASE_STRIP = NO;
				DEBUG_INFORMATION_FORMAT = "dwarf-with-dsym";
				ENABLE_NS_ASSERTIONS = NO;
				ENABLE_STRICT_OBJC_MSGSEND = YES;
				GCC_C_LANGUAGE_STANDARD = gnu11;
				GCC_NO_COMMON_BLOCKS = YES;
				GCC_WARN_64_TO_32_BIT_CONVERSION = YES;
				GCC_WARN_ABOUT_RETURN_TYPE = YES_ERROR;
				GCC_WARN_UNDECLARED_SELECTOR = YES;
				GCC_WARN_UNINITIALIZED_AUTOS = YES_AGGRESSIVE;
				GCC_WARN_UNUSED_FUNCTION = YES;
				GCC_WARN_UNUSED_VARIABLE = YES;
				IPHONEOS_DEPLOYMENT_TARGET = 16.4;
				MTL_ENABLE_DEBUG_INFO = NO;
				MTL_FAST_MATH = YES;
				SDKROOT = iphoneos;
				SWIFT_COMPILATION_MODE = wholemodule;
				SWIFT_OPTIMIZATION_LEVEL = "-O";
				VALIDATE_PRODUCT = YES;
			};
			name = Release;
		};
		07B77FF52A10F1E100720BBE /* Debug */ = {
			isa = XCBuildConfiguration;
			buildSettings = {
				ASSETCATALOG_COMPILER_APPICON_NAME = AppIcon;
				ASSETCATALOG_COMPILER_GLOBAL_ACCENT_COLOR_NAME = AccentColor;
				CODE_SIGN_STYLE = Automatic;
				CURRENT_PROJECT_VERSION = 1;
				DEVELOPMENT_ASSET_PATHS = "\"tourmate_swift/Preview Content\"";
				DEVELOPMENT_TEAM = NLQ9222DF6;
				ENABLE_PREVIEWS = YES;
				GENERATE_INFOPLIST_FILE = YES;
				INFOPLIST_KEY_UIApplicationSceneManifest_Generation = YES;
				INFOPLIST_KEY_UIApplicationSupportsIndirectInputEvents = YES;
				INFOPLIST_KEY_UILaunchScreen_Generation = YES;
				INFOPLIST_KEY_UISupportedInterfaceOrientations_iPad = "UIInterfaceOrientationPortrait UIInterfaceOrientationPortraitUpsideDown UIInterfaceOrientationLandscapeLeft UIInterfaceOrientationLandscapeRight";
				INFOPLIST_KEY_UISupportedInterfaceOrientations_iPhone = "UIInterfaceOrientationPortrait UIInterfaceOrientationLandscapeLeft UIInterfaceOrientationLandscapeRight";
				LD_RUNPATH_SEARCH_PATHS = (
					"$(inherited)",
					"@executable_path/Frameworks",
				);
				MARKETING_VERSION = 1.0;
				PRODUCT_BUNDLE_IDENTIFIER = "com.gakutohiguchi.tourmate-swift";
				PRODUCT_NAME = "$(TARGET_NAME)";
				SWIFT_EMIT_LOC_STRINGS = YES;
				SWIFT_VERSION = 5.0;
				TARGETED_DEVICE_FAMILY = "1,2";
			};
			name = Debug;
		};
		07B77FF62A10F1E100720BBE /* Release */ = {
			isa = XCBuildConfiguration;
			buildSettings = {
				ASSETCATALOG_COMPILER_APPICON_NAME = AppIcon;
				ASSETCATALOG_COMPILER_GLOBAL_ACCENT_COLOR_NAME = AccentColor;
				CODE_SIGN_STYLE = Automatic;
				CURRENT_PROJECT_VERSION = 1;
				DEVELOPMENT_ASSET_PATHS = "\"tourmate_swift/Preview Content\"";
				DEVELOPMENT_TEAM = NLQ9222DF6;
				ENABLE_PREVIEWS = YES;
				GENERATE_INFOPLIST_FILE = YES;
				INFOPLIST_KEY_UIApplicationSceneManifest_Generation = YES;
				INFOPLIST_KEY_UIApplicationSupportsIndirectInputEvents = YES;
				INFOPLIST_KEY_UILaunchScreen_Generation = YES;
				INFOPLIST_KEY_UISupportedInterfaceOrientations_iPad = "UIInterfaceOrientationPortrait UIInterfaceOrientationPortraitUpsideDown UIInterfaceOrientationLandscapeLeft UIInterfaceOrientationLandscapeRight";
				INFOPLIST_KEY_UISupportedInterfaceOrientations_iPhone = "UIInterfaceOrientationPortrait UIInterfaceOrientationLandscapeLeft UIInterfaceOrientationLandscapeRight";
				LD_RUNPATH_SEARCH_PATHS = (
					"$(inherited)",
					"@executable_path/Frameworks",
				);
				MARKETING_VERSION = 1.0;
				PRODUCT_BUNDLE_IDENTIFIER = "com.gakutohiguchi.tourmate-swift";
				PRODUCT_NAME = "$(TARGET_NAME)";
				SWIFT_EMIT_LOC_STRINGS = YES;
				SWIFT_VERSION = 5.0;
				TARGETED_DEVICE_FAMILY = "1,2";
			};
			name = Release;
		};
		07B77FF82A10F1E100720BBE /* Debug */ = {
			isa = XCBuildConfiguration;
			buildSettings = {
				ALWAYS_EMBED_SWIFT_STANDARD_LIBRARIES = YES;
				BUNDLE_LOADER = "$(TEST_HOST)";
				CODE_SIGN_STYLE = Automatic;
				CURRENT_PROJECT_VERSION = 1;
				DEVELOPMENT_TEAM = NLQ9222DF6;
				GENERATE_INFOPLIST_FILE = YES;
				IPHONEOS_DEPLOYMENT_TARGET = 16.4;
				MARKETING_VERSION = 1.0;
				PRODUCT_BUNDLE_IDENTIFIER = "com.gakutohiguchi.tourmate-swiftTests";
				PRODUCT_NAME = "$(TARGET_NAME)";
				SWIFT_EMIT_LOC_STRINGS = NO;
				SWIFT_VERSION = 5.0;
				TARGETED_DEVICE_FAMILY = "1,2";
				TEST_HOST = "$(BUILT_PRODUCTS_DIR)/tourmate_swift.app/$(BUNDLE_EXECUTABLE_FOLDER_PATH)/tourmate_swift";
			};
			name = Debug;
		};
		07B77FF92A10F1E100720BBE /* Release */ = {
			isa = XCBuildConfiguration;
			buildSettings = {
				ALWAYS_EMBED_SWIFT_STANDARD_LIBRARIES = YES;
				BUNDLE_LOADER = "$(TEST_HOST)";
				CODE_SIGN_STYLE = Automatic;
				CURRENT_PROJECT_VERSION = 1;
				DEVELOPMENT_TEAM = NLQ9222DF6;
				GENERATE_INFOPLIST_FILE = YES;
				IPHONEOS_DEPLOYMENT_TARGET = 16.4;
				MARKETING_VERSION = 1.0;
				PRODUCT_BUNDLE_IDENTIFIER = "com.gakutohiguchi.tourmate-swiftTests";
				PRODUCT_NAME = "$(TARGET_NAME)";
				SWIFT_EMIT_LOC_STRINGS = NO;
				SWIFT_VERSION = 5.0;
				TARGETED_DEVICE_FAMILY = "1,2";
				TEST_HOST = "$(BUILT_PRODUCTS_DIR)/tourmate_swift.app/$(BUNDLE_EXECUTABLE_FOLDER_PATH)/tourmate_swift";
			};
			name = Release;
		};
		07B77FFB2A10F1E100720BBE /* Debug */ = {
			isa = XCBuildConfiguration;
			buildSettings = {
				ALWAYS_EMBED_SWIFT_STANDARD_LIBRARIES = YES;
				CODE_SIGN_STYLE = Automatic;
				CURRENT_PROJECT_VERSION = 1;
				DEVELOPMENT_TEAM = NLQ9222DF6;
				GENERATE_INFOPLIST_FILE = YES;
				MARKETING_VERSION = 1.0;
				PRODUCT_BUNDLE_IDENTIFIER = "com.gakutohiguchi.tourmate-swiftUITests";
				PRODUCT_NAME = "$(TARGET_NAME)";
				SWIFT_EMIT_LOC_STRINGS = NO;
				SWIFT_VERSION = 5.0;
				TARGETED_DEVICE_FAMILY = "1,2";
				TEST_TARGET_NAME = tourmate_swift;
			};
			name = Debug;
		};
		07B77FFC2A10F1E100720BBE /* Release */ = {
			isa = XCBuildConfiguration;
			buildSettings = {
				ALWAYS_EMBED_SWIFT_STANDARD_LIBRARIES = YES;
				CODE_SIGN_STYLE = Automatic;
				CURRENT_PROJECT_VERSION = 1;
				DEVELOPMENT_TEAM = NLQ9222DF6;
				GENERATE_INFOPLIST_FILE = YES;
				MARKETING_VERSION = 1.0;
				PRODUCT_BUNDLE_IDENTIFIER = "com.gakutohiguchi.tourmate-swiftUITests";
				PRODUCT_NAME = "$(TARGET_NAME)";
				SWIFT_EMIT_LOC_STRINGS = NO;
				SWIFT_VERSION = 5.0;
				TARGETED_DEVICE_FAMILY = "1,2";
				TEST_TARGET_NAME = tourmate_swift;
			};
			name = Release;
		};
/* End XCBuildConfiguration section */

/* Begin XCConfigurationList section */
		07B77FCB2A10F1E000720BBE /* Build configuration list for PBXProject "tourmate_swift" */ = {
			isa = XCConfigurationList;
			buildConfigurations = (
				07B77FF22A10F1E100720BBE /* Debug */,
				07B77FF32A10F1E100720BBE /* Release */,
			);
			defaultConfigurationIsVisible = 0;
			defaultConfigurationName = Release;
		};
		07B77FF42A10F1E100720BBE /* Build configuration list for PBXNativeTarget "tourmate_swift" */ = {
			isa = XCConfigurationList;
			buildConfigurations = (
				07B77FF52A10F1E100720BBE /* Debug */,
				07B77FF62A10F1E100720BBE /* Release */,
			);
			defaultConfigurationIsVisible = 0;
			defaultConfigurationName = Release;
		};
		07B77FF72A10F1E100720BBE /* Build configuration list for PBXNativeTarget "tourmate_swiftTests" */ = {
			isa = XCConfigurationList;
			buildConfigurations = (
				07B77FF82A10F1E100720BBE /* Debug */,
				07B77FF92A10F1E100720BBE /* Release */,
			);
			defaultConfigurationIsVisible = 0;
			defaultConfigurationName = Release;
		};
		07B77FFA2A10F1E100720BBE /* Build configuration list for PBXNativeTarget "tourmate_swiftUITests" */ = {
			isa = XCConfigurationList;
			buildConfigurations = (
				07B77FFB2A10F1E100720BBE /* Debug */,
				07B77FFC2A10F1E100720BBE /* Release */,
			);
			defaultConfigurationIsVisible = 0;
			defaultConfigurationName = Release;
		};
/* End XCConfigurationList section */
	};
	rootObject = 07B77FC82A10F1E000720BBE /* Project object */;
}
